
Microsoft Visual Studio Solution File, Format Version 12.00
# Visual Studio Version 17
VisualStudioVersion = 17.7.34221.43
MinimumVisualStudioVersion = 10.0.40219.1
Project("{FAE04EC0-301F-11D3-BF4B-00C04F79EFBC}") = "RH", "RH.csproj", "{FFF52086-9D1B-49E1-B4FE-5D0C3CC31AD1}"
EndProject
Global
	GlobalSection(SolutionConfigurationPlatforms) = preSolution
		Debug|Any CPU = Debug|Any CPU
		Release|Any CPU = Release|Any CPU
	EndGlobalSection
	GlobalSection(ProjectConfigurationPlatforms) = postSolution
		{FFF52086-9D1B-49E1-B4FE-5D0C3CC31AD1}.Debug|Any CPU.ActiveCfg = Debug|Any CPU
		{FFF52086-9D1B-49E1-B4FE-5D0C3CC31AD1}.Debug|Any CPU.Build.0 = Debug|Any CPU
		{FFF52086-9D1B-49E1-B4FE-5D0C3CC31AD1}.Release|Any CPU.ActiveCfg = Release|Any CPU
		{FFF52086-9D1B-49E1-B4FE-5D0C3CC31AD1}.Release|Any CPU.Build.0 = Release|Any CPU
	EndGlobalSection
	GlobalSection(SolutionProperties) = preSolution
		HideSolutionNode = FALSE
	EndGlobalSection
	GlobalSection(ExtensibilityGlobals) = postSolution
		SolutionGuid = {42AFCDBA-86A0-43C2-A4DB-5FC0EBD83F4A}
	EndGlobalSection
EndGlobal
